// !$*UTF8*$!
{
	archiveVersion = 1;
	classes = {
	};
	objectVersion = 56;
	objects = {

/* Begin PBXBuildFile section */
		2A91D6392DC5869400B9EC36 /* RunAICoachApp.swift in Sources */ = {isa = PBXBuildFile; fileRef = 2A91D6382DC5869400B9EC36 /* RunAICoachApp.swift */; };
		2A91D63B2DC5869400B9EC36 /* ContentView.swift in Sources */ = {isa = PBXBuildFile; fileRef = 2A91D63A2DC5869400B9EC36 /* ContentView.swift */; };
		2A91D63D2DC5869C00B9EC36 /* Assets.xcassets in Resources */ = {isa = PBXBuildFile; fileRef = 2A91D63C2DC5869C00B9EC36 /* Assets.xcassets */; };
		2A91D6402DC5869C00B9EC36 /* Preview Assets.xcassets in Resources */ = {isa = PBXBuildFile; fileRef = 2A91D63F2DC5869C00B9EC36 /* Preview Assets.xcassets */; };
		2A91D64A2DC5869D00B9EC36 /* RunAICoachTests.swift in Sources */ = {isa = PBXBuildFile; fileRef = 2A91D6492DC5869D00B9EC36 /* RunAICoachTests.swift */; };
		2A91D6542DC5869E00B9EC36 /* RunAICoachUITests.swift in Sources */ = {isa = PBXBuildFile; fileRef = 2A91D6532DC5869E00B9EC36 /* RunAICoachUITests.swift */; };
		2A91D6562DC5869E00B9EC36 /* RunAICoachUITestsLaunchTests.swift in Sources */ = {isa = PBXBuildFile; fileRef = 2A91D6552DC5869E00B9EC36 /* RunAICoachUITestsLaunchTests.swift */; };
		2A91D6692DC5884400B9EC36 /* RunAICoachWatchApp.swift in Sources */ = {isa = PBXBuildFile; fileRef = 2A91D6682DC5884400B9EC36 /* RunAICoachWatchApp.swift */; };
		2A91D66B2DC5884400B9EC36 /* ContentView.swift in Sources */ = {isa = PBXBuildFile; fileRef = 2A91D66A2DC5884400B9EC36 /* ContentView.swift */; };
		2A91D66D2DC5884A00B9EC36 /* Assets.xcassets in Resources */ = {isa = PBXBuildFile; fileRef = 2A91D66C2DC5884A00B9EC36 /* Assets.xcassets */; };
		2A91D6702DC5884B00B9EC36 /* Preview Assets.xcassets in Resources */ = {isa = PBXBuildFile; fileRef = 2A91D66F2DC5884B00B9EC36 /* Preview Assets.xcassets */; };
		2A91D67A2DC5884B00B9EC36 /* RunAICoachWatch_Watch_AppTests.swift in Sources */ = {isa = PBXBuildFile; fileRef = 2A91D6792DC5884B00B9EC36 /* RunAICoachWatch_Watch_AppTests.swift */; };
		2A91D6842DC5884B00B9EC36 /* RunAICoachWatch_Watch_AppUITests.swift in Sources */ = {isa = PBXBuildFile; fileRef = 2A91D6832DC5884B00B9EC36 /* RunAICoachWatch_Watch_AppUITests.swift */; };
		2A91D6862DC5884B00B9EC36 /* RunAICoachWatch_Watch_AppUITestsLaunchTests.swift in Sources */ = {isa = PBXBuildFile; fileRef = 2A91D6852DC5884B00B9EC36 /* RunAICoachWatch_Watch_AppUITestsLaunchTests.swift */; };
		2A91D6892DC5884B00B9EC36 /* RunAICoachWatch Watch App.app in Embed Watch Content */ = {isa = PBXBuildFile; fileRef = 2A91D6662DC5884400B9EC36 /* RunAICoachWatch Watch App.app */; settings = {ATTRIBUTES = (RemoveHeadersOnCopy, ); }; };
		2A91D6952DC6455400B9EC36 /* HealthKitManager.swift in Sources */ = {isa = PBXBuildFile; fileRef = 2A91D6942DC6455400B9EC36 /* HealthKitManager.swift */; };
		2A91D69A2DC64D7200B9EC36 /* HealthKit.framework in Frameworks */ = {isa = PBXBuildFile; fileRef = 2A91D6992DC64D7200B9EC36 /* HealthKit.framework */; };
		2A91D69C2DC64D7D00B9EC36 /* WatchConnectivity.framework in Frameworks */ = {isa = PBXBuildFile; fileRef = 2A91D69B2DC64D7D00B9EC36 /* WatchConnectivity.framework */; };
		2A91D69E2DC6554A00B9EC36 /* PhoneSesionManager.swift in Sources */ = {isa = PBXBuildFile; fileRef = 2A91D69D2DC6554A00B9EC36 /* PhoneSesionManager.swift */; };
		2A91D6A12DC662B600B9EC36 /* WatchConnectivity.framework in Frameworks */ = {isa = PBXBuildFile; fileRef = 2A91D6A02DC662B600B9EC36 /* WatchConnectivity.framework */; };
/* End PBXBuildFile section */

/* Begin PBXContainerItemProxy section */
		2A91D6462DC5869D00B9EC36 /* PBXContainerItemProxy */ = {
			isa = PBXContainerItemProxy;
			containerPortal = 2A91D62D2DC5869400B9EC36 /* Project object */;
			proxyType = 1;
			remoteGlobalIDString = 2A91D6342DC5869400B9EC36;
			remoteInfo = RunAICoach;
		};
		2A91D6502DC5869E00B9EC36 /* PBXContainerItemProxy */ = {
			isa = PBXContainerItemProxy;
			containerPortal = 2A91D62D2DC5869400B9EC36 /* Project object */;
			proxyType = 1;
			remoteGlobalIDString = 2A91D6342DC5869400B9EC36;
			remoteInfo = RunAICoach;
		};
		2A91D6762DC5884B00B9EC36 /* PBXContainerItemProxy */ = {
			isa = PBXContainerItemProxy;
			containerPortal = 2A91D62D2DC5869400B9EC36 /* Project object */;
			proxyType = 1;
			remoteGlobalIDString = 2A91D6652DC5884400B9EC36;
			remoteInfo = "RunAICoachWatch Watch App";
		};
		2A91D6802DC5884B00B9EC36 /* PBXContainerItemProxy */ = {
			isa = PBXContainerItemProxy;
			containerPortal = 2A91D62D2DC5869400B9EC36 /* Project object */;
			proxyType = 1;
			remoteGlobalIDString = 2A91D6652DC5884400B9EC36;
			remoteInfo = "RunAICoachWatch Watch App";
		};
		2A91D6872DC5884B00B9EC36 /* PBXContainerItemProxy */ = {
			isa = PBXContainerItemProxy;
			containerPortal = 2A91D62D2DC5869400B9EC36 /* Project object */;
			proxyType = 1;
			remoteGlobalIDString = 2A91D6652DC5884400B9EC36;
			remoteInfo = "RunAICoachWatch Watch App";
		};
/* End PBXContainerItemProxy section */

/* Begin PBXCopyFilesBuildPhase section */
		2A91D68D2DC5884B00B9EC36 /* Embed Watch Content */ = {
			isa = PBXCopyFilesBuildPhase;
			buildActionMask = 2147483647;
			dstPath = "$(CONTENTS_FOLDER_PATH)/Watch";
			dstSubfolderSpec = 16;
			files = (
				2A91D6892DC5884B00B9EC36 /* RunAICoachWatch Watch App.app in Embed Watch Content */,
			);
			name = "Embed Watch Content";
			runOnlyForDeploymentPostprocessing = 0;
		};
/* End PBXCopyFilesBuildPhase section */

/* Begin PBXFileReference section */
		2A91D6352DC5869400B9EC36 /* RunAICoach.app */ = {isa = PBXFileReference; explicitFileType = wrapper.application; includeInIndex = 0; path = RunAICoach.app; sourceTree = BUILT_PRODUCTS_DIR; };
		2A91D6382DC5869400B9EC36 /* RunAICoachApp.swift */ = {isa = PBXFileReference; lastKnownFileType = sourcecode.swift; path = RunAICoachApp.swift; sourceTree = "<group>"; };
		2A91D63A2DC5869400B9EC36 /* ContentView.swift */ = {isa = PBXFileReference; lastKnownFileType = sourcecode.swift; path = ContentView.swift; sourceTree = "<group>"; };
		2A91D63C2DC5869C00B9EC36 /* Assets.xcassets */ = {isa = PBXFileReference; lastKnownFileType = folder.assetcatalog; path = Assets.xcassets; sourceTree = "<group>"; };
		2A91D63F2DC5869C00B9EC36 /* Preview Assets.xcassets */ = {isa = PBXFileReference; lastKnownFileType = folder.assetcatalog; path = "Preview Assets.xcassets"; sourceTree = "<group>"; };
		2A91D6452DC5869D00B9EC36 /* RunAICoachTests.xctest */ = {isa = PBXFileReference; explicitFileType = wrapper.cfbundle; includeInIndex = 0; path = RunAICoachTests.xctest; sourceTree = BUILT_PRODUCTS_DIR; };
		2A91D6492DC5869D00B9EC36 /* RunAICoachTests.swift */ = {isa = PBXFileReference; lastKnownFileType = sourcecode.swift; path = RunAICoachTests.swift; sourceTree = "<group>"; };
		2A91D64F2DC5869D00B9EC36 /* RunAICoachUITests.xctest */ = {isa = PBXFileReference; explicitFileType = wrapper.cfbundle; includeInIndex = 0; path = RunAICoachUITests.xctest; sourceTree = BUILT_PRODUCTS_DIR; };
		2A91D6532DC5869E00B9EC36 /* RunAICoachUITests.swift */ = {isa = PBXFileReference; lastKnownFileType = sourcecode.swift; path = RunAICoachUITests.swift; sourceTree = "<group>"; };
		2A91D6552DC5869E00B9EC36 /* RunAICoachUITestsLaunchTests.swift */ = {isa = PBXFileReference; lastKnownFileType = sourcecode.swift; path = RunAICoachUITestsLaunchTests.swift; sourceTree = "<group>"; };
		2A91D6662DC5884400B9EC36 /* RunAICoachWatch Watch App.app */ = {isa = PBXFileReference; explicitFileType = wrapper.application; includeInIndex = 0; path = "RunAICoachWatch Watch App.app"; sourceTree = BUILT_PRODUCTS_DIR; };
		2A91D6682DC5884400B9EC36 /* RunAICoachWatchApp.swift */ = {isa = PBXFileReference; lastKnownFileType = sourcecode.swift; path = RunAICoachWatchApp.swift; sourceTree = "<group>"; };
		2A91D66A2DC5884400B9EC36 /* ContentView.swift */ = {isa = PBXFileReference; lastKnownFileType = sourcecode.swift; path = ContentView.swift; sourceTree = "<group>"; };
		2A91D66C2DC5884A00B9EC36 /* Assets.xcassets */ = {isa = PBXFileReference; lastKnownFileType = folder.assetcatalog; path = Assets.xcassets; sourceTree = "<group>"; };
		2A91D66F2DC5884B00B9EC36 /* Preview Assets.xcassets */ = {isa = PBXFileReference; lastKnownFileType = folder.assetcatalog; path = "Preview Assets.xcassets"; sourceTree = "<group>"; };
		2A91D6752DC5884B00B9EC36 /* RunAICoachWatch Watch AppTests.xctest */ = {isa = PBXFileReference; explicitFileType = wrapper.cfbundle; includeInIndex = 0; path = "RunAICoachWatch Watch AppTests.xctest"; sourceTree = BUILT_PRODUCTS_DIR; };
		2A91D6792DC5884B00B9EC36 /* RunAICoachWatch_Watch_AppTests.swift */ = {isa = PBXFileReference; lastKnownFileType = sourcecode.swift; path = RunAICoachWatch_Watch_AppTests.swift; sourceTree = "<group>"; };
		2A91D67F2DC5884B00B9EC36 /* RunAICoachWatch Watch AppUITests.xctest */ = {isa = PBXFileReference; explicitFileType = wrapper.cfbundle; includeInIndex = 0; path = "RunAICoachWatch Watch AppUITests.xctest"; sourceTree = BUILT_PRODUCTS_DIR; };
		2A91D6832DC5884B00B9EC36 /* RunAICoachWatch_Watch_AppUITests.swift */ = {isa = PBXFileReference; lastKnownFileType = sourcecode.swift; path = RunAICoachWatch_Watch_AppUITests.swift; sourceTree = "<group>"; };
		2A91D6852DC5884B00B9EC36 /* RunAICoachWatch_Watch_AppUITestsLaunchTests.swift */ = {isa = PBXFileReference; lastKnownFileType = sourcecode.swift; path = RunAICoachWatch_Watch_AppUITestsLaunchTests.swift; sourceTree = "<group>"; };
		2A91D6942DC6455400B9EC36 /* HealthKitManager.swift */ = {isa = PBXFileReference; lastKnownFileType = sourcecode.swift; path = HealthKitManager.swift; sourceTree = "<group>"; };
		2A91D6962DC64BA900B9EC36 /* RunAICoachWatch Watch App.entitlements */ = {isa = PBXFileReference; lastKnownFileType = text.plist.entitlements; path = "RunAICoachWatch Watch App.entitlements"; sourceTree = "<group>"; };
		2A91D6972DC64C9900B9EC36 /* RunAICoachWatch-Watch-App-Info.plist */ = {isa = PBXFileReference; lastKnownFileType = text.plist; path = "RunAICoachWatch-Watch-App-Info.plist"; sourceTree = SOURCE_ROOT; };
		2A91D6992DC64D7200B9EC36 /* HealthKit.framework */ = {isa = PBXFileReference; lastKnownFileType = wrapper.framework; name = HealthKit.framework; path = Platforms/WatchOS.platform/Developer/SDKs/WatchOS10.2.sdk/System/Library/Frameworks/HealthKit.framework; sourceTree = DEVELOPER_DIR; };
		2A91D69B2DC64D7D00B9EC36 /* WatchConnectivity.framework */ = {isa = PBXFileReference; lastKnownFileType = wrapper.framework; name = WatchConnectivity.framework; path = Platforms/WatchOS.platform/Developer/SDKs/WatchOS10.2.sdk/System/Library/Frameworks/WatchConnectivity.framework; sourceTree = DEVELOPER_DIR; };
		2A91D69D2DC6554A00B9EC36 /* PhoneSesionManager.swift */ = {isa = PBXFileReference; lastKnownFileType = sourcecode.swift; path = PhoneSesionManager.swift; sourceTree = "<group>"; };
		2A91D69F2DC65BC100B9EC36 /* Info.plist */ = {isa = PBXFileReference; lastKnownFileType = text.plist; path = Info.plist; sourceTree = "<group>"; };
		2A91D6A02DC662B600B9EC36 /* WatchConnectivity.framework */ = {isa = PBXFileReference; lastKnownFileType = wrapper.framework; name = WatchConnectivity.framework; path = System/Library/Frameworks/WatchConnectivity.framework; sourceTree = SDKROOT; };
/* End PBXFileReference section */

/* Begin PBXFrameworksBuildPhase section */
		2A91D6322DC5869400B9EC36 /* Frameworks */ = {
			isa = PBXFrameworksBuildPhase;
			buildActionMask = 2147483647;
			files = (
				2A91D6A12DC662B600B9EC36 /* WatchConnectivity.framework in Frameworks */,
			);
			runOnlyForDeploymentPostprocessing = 0;
		};
		2A91D6422DC5869D00B9EC36 /* Frameworks */ = {
			isa = PBXFrameworksBuildPhase;
			buildActionMask = 2147483647;
			files = (
			);
			runOnlyForDeploymentPostprocessing = 0;
		};
		2A91D64C2DC5869D00B9EC36 /* Frameworks */ = {
			isa = PBXFrameworksBuildPhase;
			buildActionMask = 2147483647;
			files = (
			);
			runOnlyForDeploymentPostprocessing = 0;
		};
		2A91D6632DC5884400B9EC36 /* Frameworks */ = {
			isa = PBXFrameworksBuildPhase;
			buildActionMask = 2147483647;
			files = (
				2A91D69C2DC64D7D00B9EC36 /* WatchConnectivity.framework in Frameworks */,
				2A91D69A2DC64D7200B9EC36 /* HealthKit.framework in Frameworks */,
			);
			runOnlyForDeploymentPostprocessing = 0;
		};
		2A91D6722DC5884B00B9EC36 /* Frameworks */ = {
			isa = PBXFrameworksBuildPhase;
			buildActionMask = 2147483647;
			files = (
			);
			runOnlyForDeploymentPostprocessing = 0;
		};
		2A91D67C2DC5884B00B9EC36 /* Frameworks */ = {
			isa = PBXFrameworksBuildPhase;
			buildActionMask = 2147483647;
			files = (
			);
			runOnlyForDeploymentPostprocessing = 0;
		};
/* End PBXFrameworksBuildPhase section */

/* Begin PBXGroup section */
		2A91D62C2DC5869400B9EC36 = {
			isa = PBXGroup;
			children = (
				2A91D6372DC5869400B9EC36 /* RunAICoach */,
				2A91D6482DC5869D00B9EC36 /* RunAICoachTests */,
				2A91D6522DC5869E00B9EC36 /* RunAICoachUITests */,
				2A91D6672DC5884400B9EC36 /* RunAICoachWatch Watch App */,
				2A91D6782DC5884B00B9EC36 /* RunAICoachWatch Watch AppTests */,
				2A91D6822DC5884B00B9EC36 /* RunAICoachWatch Watch AppUITests */,
				2A91D6362DC5869400B9EC36 /* Products */,
				2A91D6982DC64D7200B9EC36 /* Frameworks */,
			);
			sourceTree = "<group>";
		};
		2A91D6362DC5869400B9EC36 /* Products */ = {
			isa = PBXGroup;
			children = (
				2A91D6352DC5869400B9EC36 /* RunAICoach.app */,
				2A91D6452DC5869D00B9EC36 /* RunAICoachTests.xctest */,
				2A91D64F2DC5869D00B9EC36 /* RunAICoachUITests.xctest */,
				2A91D6662DC5884400B9EC36 /* RunAICoachWatch Watch App.app */,
				2A91D6752DC5884B00B9EC36 /* RunAICoachWatch Watch AppTests.xctest */,
				2A91D67F2DC5884B00B9EC36 /* RunAICoachWatch Watch AppUITests.xctest */,
			);
			name = Products;
			sourceTree = "<group>";
		};
		2A91D6372DC5869400B9EC36 /* RunAICoach */ = {
			isa = PBXGroup;
			children = (
				2A91D69F2DC65BC100B9EC36 /* Info.plist */,
				2A91D6382DC5869400B9EC36 /* RunAICoachApp.swift */,
				2A91D63A2DC5869400B9EC36 /* ContentView.swift */,
				2A91D63C2DC5869C00B9EC36 /* Assets.xcassets */,
				2A91D63E2DC5869C00B9EC36 /* Preview Content */,
				2A91D69D2DC6554A00B9EC36 /* PhoneSesionManager.swift */,
			);
			path = RunAICoach;
			sourceTree = "<group>";
		};
		2A91D63E2DC5869C00B9EC36 /* Preview Content */ = {
			isa = PBXGroup;
			children = (
				2A91D63F2DC5869C00B9EC36 /* Preview Assets.xcassets */,
			);
			path = "Preview Content";
			sourceTree = "<group>";
		};
		2A91D6482DC5869D00B9EC36 /* RunAICoachTests */ = {
			isa = PBXGroup;
			children = (
				2A91D6492DC5869D00B9EC36 /* RunAICoachTests.swift */,
			);
			path = RunAICoachTests;
			sourceTree = "<group>";
		};
		2A91D6522DC5869E00B9EC36 /* RunAICoachUITests */ = {
			isa = PBXGroup;
			children = (
				2A91D6532DC5869E00B9EC36 /* RunAICoachUITests.swift */,
				2A91D6552DC5869E00B9EC36 /* RunAICoachUITestsLaunchTests.swift */,
			);
			path = RunAICoachUITests;
			sourceTree = "<group>";
		};
		2A91D6672DC5884400B9EC36 /* RunAICoachWatch Watch App */ = {
			isa = PBXGroup;
			children = (
				2A91D6972DC64C9900B9EC36 /* RunAICoachWatch-Watch-App-Info.plist */,
				2A91D6962DC64BA900B9EC36 /* RunAICoachWatch Watch App.entitlements */,
				2A91D6682DC5884400B9EC36 /* RunAICoachWatchApp.swift */,
				2A91D66A2DC5884400B9EC36 /* ContentView.swift */,
				2A91D66C2DC5884A00B9EC36 /* Assets.xcassets */,
				2A91D66E2DC5884B00B9EC36 /* Preview Content */,
				2A91D6942DC6455400B9EC36 /* HealthKitManager.swift */,
			);
			path = "RunAICoachWatch Watch App";
			sourceTree = "<group>";
		};
		2A91D66E2DC5884B00B9EC36 /* Preview Content */ = {
			isa = PBXGroup;
			children = (
				2A91D66F2DC5884B00B9EC36 /* Preview Assets.xcassets */,
			);
			path = "Preview Content";
			sourceTree = "<group>";
		};
		2A91D6782DC5884B00B9EC36 /* RunAICoachWatch Watch AppTests */ = {
			isa = PBXGroup;
			children = (
				2A91D6792DC5884B00B9EC36 /* RunAICoachWatch_Watch_AppTests.swift */,
			);
			path = "RunAICoachWatch Watch AppTests";
			sourceTree = "<group>";
		};
		2A91D6822DC5884B00B9EC36 /* RunAICoachWatch Watch AppUITests */ = {
			isa = PBXGroup;
			children = (
				2A91D6832DC5884B00B9EC36 /* RunAICoachWatch_Watch_AppUITests.swift */,
				2A91D6852DC5884B00B9EC36 /* RunAICoachWatch_Watch_AppUITestsLaunchTests.swift */,
			);
			path = "RunAICoachWatch Watch AppUITests";
			sourceTree = "<group>";
		};
		2A91D6982DC64D7200B9EC36 /* Frameworks */ = {
			isa = PBXGroup;
			children = (
				2A91D69B2DC64D7D00B9EC36 /* WatchConnectivity.framework */,
				2A91D6A02DC662B600B9EC36 /* WatchConnectivity.framework */,
				2A91D6992DC64D7200B9EC36 /* HealthKit.framework */,
			);
			name = Frameworks;
			sourceTree = "<group>";
		};
/* End PBXGroup section */

/* Begin PBXNativeTarget section */
		2A91D6342DC5869400B9EC36 /* RunAICoach */ = {
			isa = PBXNativeTarget;
			buildConfigurationList = 2A91D6592DC5869E00B9EC36 /* Build configuration list for PBXNativeTarget "RunAICoach" */;
			buildPhases = (
				2A91D6312DC5869400B9EC36 /* Sources */,
				2A91D6322DC5869400B9EC36 /* Frameworks */,
				2A91D6332DC5869400B9EC36 /* Resources */,
				2A91D68D2DC5884B00B9EC36 /* Embed Watch Content */,
			);
			buildRules = (
			);
			dependencies = (
				2A91D6882DC5884B00B9EC36 /* PBXTargetDependency */,
			);
			name = RunAICoach;
			productName = RunAICoach;
			productReference = 2A91D6352DC5869400B9EC36 /* RunAICoach.app */;
			productType = "com.apple.product-type.application";
		};
		2A91D6442DC5869D00B9EC36 /* RunAICoachTests */ = {
			isa = PBXNativeTarget;
			buildConfigurationList = 2A91D65C2DC5869E00B9EC36 /* Build configuration list for PBXNativeTarget "RunAICoachTests" */;
			buildPhases = (
				2A91D6412DC5869D00B9EC36 /* Sources */,
				2A91D6422DC5869D00B9EC36 /* Frameworks */,
				2A91D6432DC5869D00B9EC36 /* Resources */,
			);
			buildRules = (
			);
			dependencies = (
				2A91D6472DC5869D00B9EC36 /* PBXTargetDependency */,
			);
			name = RunAICoachTests;
			productName = RunAICoachTests;
			productReference = 2A91D6452DC5869D00B9EC36 /* RunAICoachTests.xctest */;
			productType = "com.apple.product-type.bundle.unit-test";
		};
		2A91D64E2DC5869D00B9EC36 /* RunAICoachUITests */ = {
			isa = PBXNativeTarget;
			buildConfigurationList = 2A91D65F2DC5869E00B9EC36 /* Build configuration list for PBXNativeTarget "RunAICoachUITests" */;
			buildPhases = (
				2A91D64B2DC5869D00B9EC36 /* Sources */,
				2A91D64C2DC5869D00B9EC36 /* Frameworks */,
				2A91D64D2DC5869D00B9EC36 /* Resources */,
			);
			buildRules = (
			);
			dependencies = (
				2A91D6512DC5869E00B9EC36 /* PBXTargetDependency */,
			);
			name = RunAICoachUITests;
			productName = RunAICoachUITests;
			productReference = 2A91D64F2DC5869D00B9EC36 /* RunAICoachUITests.xctest */;
			productType = "com.apple.product-type.bundle.ui-testing";
		};
		2A91D6652DC5884400B9EC36 /* RunAICoachWatch Watch App */ = {
			isa = PBXNativeTarget;
			buildConfigurationList = 2A91D68A2DC5884B00B9EC36 /* Build configuration list for PBXNativeTarget "RunAICoachWatch Watch App" */;
			buildPhases = (
				2A91D6622DC5884400B9EC36 /* Sources */,
				2A91D6632DC5884400B9EC36 /* Frameworks */,
				2A91D6642DC5884400B9EC36 /* Resources */,
			);
			buildRules = (
			);
			dependencies = (
			);
			name = "RunAICoachWatch Watch App";
			productName = "RunAICoachWatch Watch App";
			productReference = 2A91D6662DC5884400B9EC36 /* RunAICoachWatch Watch App.app */;
			productType = "com.apple.product-type.application";
		};
		2A91D6742DC5884B00B9EC36 /* RunAICoachWatch Watch AppTests */ = {
			isa = PBXNativeTarget;
			buildConfigurationList = 2A91D68E2DC5884B00B9EC36 /* Build configuration list for PBXNativeTarget "RunAICoachWatch Watch AppTests" */;
			buildPhases = (
				2A91D6712DC5884B00B9EC36 /* Sources */,
				2A91D6722DC5884B00B9EC36 /* Frameworks */,
				2A91D6732DC5884B00B9EC36 /* Resources */,
			);
			buildRules = (
			);
			dependencies = (
				2A91D6772DC5884B00B9EC36 /* PBXTargetDependency */,
			);
			name = "RunAICoachWatch Watch AppTests";
			productName = "RunAICoachWatch Watch AppTests";
			productReference = 2A91D6752DC5884B00B9EC36 /* RunAICoachWatch Watch AppTests.xctest */;
			productType = "com.apple.product-type.bundle.unit-test";
		};
		2A91D67E2DC5884B00B9EC36 /* RunAICoachWatch Watch AppUITests */ = {
			isa = PBXNativeTarget;
			buildConfigurationList = 2A91D6912DC5884B00B9EC36 /* Build configuration list for PBXNativeTarget "RunAICoachWatch Watch AppUITests" */;
			buildPhases = (
				2A91D67B2DC5884B00B9EC36 /* Sources */,
				2A91D67C2DC5884B00B9EC36 /* Frameworks */,
				2A91D67D2DC5884B00B9EC36 /* Resources */,
			);
			buildRules = (
			);
			dependencies = (
				2A91D6812DC5884B00B9EC36 /* PBXTargetDependency */,
			);
			name = "RunAICoachWatch Watch AppUITests";
			productName = "RunAICoachWatch Watch AppUITests";
			productReference = 2A91D67F2DC5884B00B9EC36 /* RunAICoachWatch Watch AppUITests.xctest */;
			productType = "com.apple.product-type.bundle.ui-testing";
		};
/* End PBXNativeTarget section */

/* Begin PBXProject section */
		2A91D62D2DC5869400B9EC36 /* Project object */ = {
			isa = PBXProject;
			attributes = {
				BuildIndependentTargetsInParallel = 1;
				LastSwiftUpdateCheck = 1520;
				LastUpgradeCheck = 1520;
				TargetAttributes = {
					2A91D6342DC5869400B9EC36 = {
						CreatedOnToolsVersion = 15.2;
					};
					2A91D6442DC5869D00B9EC36 = {
						CreatedOnToolsVersion = 15.2;
						TestTargetID = 2A91D6342DC5869400B9EC36;
					};
					2A91D64E2DC5869D00B9EC36 = {
						CreatedOnToolsVersion = 15.2;
						TestTargetID = 2A91D6342DC5869400B9EC36;
					};
					2A91D6652DC5884400B9EC36 = {
						CreatedOnToolsVersion = 15.2;
					};
					2A91D6742DC5884B00B9EC36 = {
						CreatedOnToolsVersion = 15.2;
						TestTargetID = 2A91D6652DC5884400B9EC36;
					};
					2A91D67E2DC5884B00B9EC36 = {
						CreatedOnToolsVersion = 15.2;
						TestTargetID = 2A91D6652DC5884400B9EC36;
					};
				};
			};
			buildConfigurationList = 2A91D6302DC5869400B9EC36 /* Build configuration list for PBXProject "RunAICoach" */;
			compatibilityVersion = "Xcode 14.0";
			developmentRegion = en;
			hasScannedForEncodings = 0;
			knownRegions = (
				en,
				Base,
			);
			mainGroup = 2A91D62C2DC5869400B9EC36;
			productRefGroup = 2A91D6362DC5869400B9EC36 /* Products */;
			projectDirPath = "";
			projectRoot = "";
			targets = (
				2A91D6342DC5869400B9EC36 /* RunAICoach */,
				2A91D6442DC5869D00B9EC36 /* RunAICoachTests */,
				2A91D64E2DC5869D00B9EC36 /* RunAICoachUITests */,
				2A91D6652DC5884400B9EC36 /* RunAICoachWatch Watch App */,
				2A91D6742DC5884B00B9EC36 /* RunAICoachWatch Watch AppTests */,
				2A91D67E2DC5884B00B9EC36 /* RunAICoachWatch Watch AppUITests */,
			);
		};
/* End PBXProject section */

/* Begin PBXResourcesBuildPhase section */
		2A91D6332DC5869400B9EC36 /* Resources */ = {
			isa = PBXResourcesBuildPhase;
			buildActionMask = 2147483647;
			files = (
				2A91D6402DC5869C00B9EC36 /* Preview Assets.xcassets in Resources */,
				2A91D63D2DC5869C00B9EC36 /* Assets.xcassets in Resources */,
			);
			runOnlyForDeploymentPostprocessing = 0;
		};
		2A91D6432DC5869D00B9EC36 /* Resources */ = {
			isa = PBXResourcesBuildPhase;
			buildActionMask = 2147483647;
			files = (
			);
			runOnlyForDeploymentPostprocessing = 0;
		};
		2A91D64D2DC5869D00B9EC36 /* Resources */ = {
			isa = PBXResourcesBuildPhase;
			buildActionMask = 2147483647;
			files = (
			);
			runOnlyForDeploymentPostprocessing = 0;
		};
		2A91D6642DC5884400B9EC36 /* Resources */ = {
			isa = PBXResourcesBuildPhase;
			buildActionMask = 2147483647;
			files = (
				2A91D6702DC5884B00B9EC36 /* Preview Assets.xcassets in Resources */,
				2A91D66D2DC5884A00B9EC36 /* Assets.xcassets in Resources */,
			);
			runOnlyForDeploymentPostprocessing = 0;
		};
		2A91D6732DC5884B00B9EC36 /* Resources */ = {
			isa = PBXResourcesBuildPhase;
			buildActionMask = 2147483647;
			files = (
			);
			runOnlyForDeploymentPostprocessing = 0;
		};
		2A91D67D2DC5884B00B9EC36 /* Resources */ = {
			isa = PBXResourcesBuildPhase;
			buildActionMask = 2147483647;
			files = (
			);
			runOnlyForDeploymentPostprocessing = 0;
		};
/* End PBXResourcesBuildPhase section */

/* Begin PBXSourcesBuildPhase section */
		2A91D6312DC5869400B9EC36 /* Sources */ = {
			isa = PBXSourcesBuildPhase;
			buildActionMask = 2147483647;
			files = (
				2A91D63B2DC5869400B9EC36 /* ContentView.swift in Sources */,
				2A91D69E2DC6554A00B9EC36 /* PhoneSesionManager.swift in Sources */,
				2A91D6392DC5869400B9EC36 /* RunAICoachApp.swift in Sources */,
			);
			runOnlyForDeploymentPostprocessing = 0;
		};
		2A91D6412DC5869D00B9EC36 /* Sources */ = {
			isa = PBXSourcesBuildPhase;
			buildActionMask = 2147483647;
			files = (
				2A91D64A2DC5869D00B9EC36 /* RunAICoachTests.swift in Sources */,
			);
			runOnlyForDeploymentPostprocessing = 0;
		};
		2A91D64B2DC5869D00B9EC36 /* Sources */ = {
			isa = PBXSourcesBuildPhase;
			buildActionMask = 2147483647;
			files = (
				2A91D6542DC5869E00B9EC36 /* RunAICoachUITests.swift in Sources */,
				2A91D6562DC5869E00B9EC36 /* RunAICoachUITestsLaunchTests.swift in Sources */,
			);
			runOnlyForDeploymentPostprocessing = 0;
		};
		2A91D6622DC5884400B9EC36 /* Sources */ = {
			isa = PBXSourcesBuildPhase;
			buildActionMask = 2147483647;
			files = (
				2A91D66B2DC5884400B9EC36 /* ContentView.swift in Sources */,
				2A91D6692DC5884400B9EC36 /* RunAICoachWatchApp.swift in Sources */,
				2A91D6952DC6455400B9EC36 /* HealthKitManager.swift in Sources */,
			);
			runOnlyForDeploymentPostprocessing = 0;
		};
		2A91D6712DC5884B00B9EC36 /* Sources */ = {
			isa = PBXSourcesBuildPhase;
			buildActionMask = 2147483647;
			files = (
				2A91D67A2DC5884B00B9EC36 /* RunAICoachWatch_Watch_AppTests.swift in Sources */,
			);
			runOnlyForDeploymentPostprocessing = 0;
		};
		2A91D67B2DC5884B00B9EC36 /* Sources */ = {
			isa = PBXSourcesBuildPhase;
			buildActionMask = 2147483647;
			files = (
				2A91D6842DC5884B00B9EC36 /* RunAICoachWatch_Watch_AppUITests.swift in Sources */,
				2A91D6862DC5884B00B9EC36 /* RunAICoachWatch_Watch_AppUITestsLaunchTests.swift in Sources */,
			);
			runOnlyForDeploymentPostprocessing = 0;
		};
/* End PBXSourcesBuildPhase section */

/* Begin PBXTargetDependency section */
		2A91D6472DC5869D00B9EC36 /* PBXTargetDependency */ = {
			isa = PBXTargetDependency;
			target = 2A91D6342DC5869400B9EC36 /* RunAICoach */;
			targetProxy = 2A91D6462DC5869D00B9EC36 /* PBXContainerItemProxy */;
		};
		2A91D6512DC5869E00B9EC36 /* PBXTargetDependency */ = {
			isa = PBXTargetDependency;
			target = 2A91D6342DC5869400B9EC36 /* RunAICoach */;
			targetProxy = 2A91D6502DC5869E00B9EC36 /* PBXContainerItemProxy */;
		};
		2A91D6772DC5884B00B9EC36 /* PBXTargetDependency */ = {
			isa = PBXTargetDependency;
			target = 2A91D6652DC5884400B9EC36 /* RunAICoachWatch Watch App */;
			targetProxy = 2A91D6762DC5884B00B9EC36 /* PBXContainerItemProxy */;
		};
		2A91D6812DC5884B00B9EC36 /* PBXTargetDependency */ = {
			isa = PBXTargetDependency;
			target = 2A91D6652DC5884400B9EC36 /* RunAICoachWatch Watch App */;
			targetProxy = 2A91D6802DC5884B00B9EC36 /* PBXContainerItemProxy */;
		};
		2A91D6882DC5884B00B9EC36 /* PBXTargetDependency */ = {
			isa = PBXTargetDependency;
			target = 2A91D6652DC5884400B9EC36 /* RunAICoachWatch Watch App */;
			targetProxy = 2A91D6872DC5884B00B9EC36 /* PBXContainerItemProxy */;
		};
/* End PBXTargetDependency section */

/* Begin XCBuildConfiguration section */
		2A91D6572DC5869E00B9EC36 /* Debug */ = {
			isa = XCBuildConfiguration;
			buildSettings = {
				ALWAYS_SEARCH_USER_PATHS = NO;
				ASSETCATALOG_COMPILER_GENERATE_SWIFT_ASSET_SYMBOL_EXTENSIONS = YES;
				CLANG_ANALYZER_NONNULL = YES;
				CLANG_ANALYZER_NUMBER_OBJECT_CONVERSION = YES_AGGRESSIVE;
				CLANG_CXX_LANGUAGE_STANDARD = "gnu++20";
				CLANG_ENABLE_MODULES = YES;
				CLANG_ENABLE_OBJC_ARC = YES;
				CLANG_ENABLE_OBJC_WEAK = YES;
				CLANG_WARN_BLOCK_CAPTURE_AUTORELEASING = YES;
				CLANG_WARN_BOOL_CONVERSION = YES;
				CLANG_WARN_COMMA = YES;
				CLANG_WARN_CONSTANT_CONVERSION = YES;
				CLANG_WARN_DEPRECATED_OBJC_IMPLEMENTATIONS = YES;
				CLANG_WARN_DIRECT_OBJC_ISA_USAGE = YES_ERROR;
				CLANG_WARN_DOCUMENTATION_COMMENTS = YES;
				CLANG_WARN_EMPTY_BODY = YES;
				CLANG_WARN_ENUM_CONVERSION = YES;
				CLANG_WARN_INFINITE_RECURSION = YES;
				CLANG_WARN_INT_CONVERSION = YES;
				CLANG_WARN_NON_LITERAL_NULL_CONVERSION = YES;
				CLANG_WARN_OBJC_IMPLICIT_RETAIN_SELF = YES;
				CLANG_WARN_OBJC_LITERAL_CONVERSION = YES;
				CLANG_WARN_OBJC_ROOT_CLASS = YES_ERROR;
				CLANG_WARN_QUOTED_INCLUDE_IN_FRAMEWORK_HEADER = YES;
				CLANG_WARN_RANGE_LOOP_ANALYSIS = YES;
				CLANG_WARN_STRICT_PROTOTYPES = YES;
				CLANG_WARN_SUSPICIOUS_MOVE = YES;
				CLANG_WARN_UNGUARDED_AVAILABILITY = YES_AGGRESSIVE;
				CLANG_WARN_UNREACHABLE_CODE = YES;
				CLANG_WARN__DUPLICATE_METHOD_MATCH = YES;
				COPY_PHASE_STRIP = NO;
				DEBUG_INFORMATION_FORMAT = dwarf;
				ENABLE_STRICT_OBJC_MSGSEND = YES;
				ENABLE_TESTABILITY = YES;
				ENABLE_USER_SCRIPT_SANDBOXING = YES;
				GCC_C_LANGUAGE_STANDARD = gnu17;
				GCC_DYNAMIC_NO_PIC = NO;
				GCC_NO_COMMON_BLOCKS = YES;
				GCC_OPTIMIZATION_LEVEL = 0;
				GCC_PREPROCESSOR_DEFINITIONS = (
					"DEBUG=1",
					"$(inherited)",
				);
				GCC_WARN_64_TO_32_BIT_CONVERSION = YES;
				GCC_WARN_ABOUT_RETURN_TYPE = YES_ERROR;
				GCC_WARN_UNDECLARED_SELECTOR = YES;
				GCC_WARN_UNINITIALIZED_AUTOS = YES_AGGRESSIVE;
				GCC_WARN_UNUSED_FUNCTION = YES;
				GCC_WARN_UNUSED_VARIABLE = YES;
				IPHONEOS_DEPLOYMENT_TARGET = 17.2;
				LOCALIZATION_PREFERS_STRING_CATALOGS = YES;
				MTL_ENABLE_DEBUG_INFO = INCLUDE_SOURCE;
				MTL_FAST_MATH = YES;
				ONLY_ACTIVE_ARCH = YES;
				SDKROOT = iphoneos;
				SWIFT_ACTIVE_COMPILATION_CONDITIONS = "DEBUG $(inherited)";
				SWIFT_OPTIMIZATION_LEVEL = "-Onone";
			};
			name = Debug;
		};
		2A91D6582DC5869E00B9EC36 /* Release */ = {
			isa = XCBuildConfiguration;
			buildSettings = {
				ALWAYS_SEARCH_USER_PATHS = NO;
				ASSETCATALOG_COMPILER_GENERATE_SWIFT_ASSET_SYMBOL_EXTENSIONS = YES;
				CLANG_ANALYZER_NONNULL = YES;
				CLANG_ANALYZER_NUMBER_OBJECT_CONVERSION = YES_AGGRESSIVE;
				CLANG_CXX_LANGUAGE_STANDARD = "gnu++20";
				CLANG_ENABLE_MODULES = YES;
				CLANG_ENABLE_OBJC_ARC = YES;
				CLANG_ENABLE_OBJC_WEAK = YES;
				CLANG_WARN_BLOCK_CAPTURE_AUTORELEASING = YES;
				CLANG_WARN_BOOL_CONVERSION = YES;
				CLANG_WARN_COMMA = YES;
				CLANG_WARN_CONSTANT_CONVERSION = YES;
				CLANG_WARN_DEPRECATED_OBJC_IMPLEMENTATIONS = YES;
				CLANG_WARN_DIRECT_OBJC_ISA_USAGE = YES_ERROR;
				CLANG_WARN_DOCUMENTATION_COMMENTS = YES;
				CLANG_WARN_EMPTY_BODY = YES;
				CLANG_WARN_ENUM_CONVERSION = YES;
				CLANG_WARN_INFINITE_RECURSION = YES;
				CLANG_WARN_INT_CONVERSION = YES;
				CLANG_WARN_NON_LITERAL_NULL_CONVERSION = YES;
				CLANG_WARN_OBJC_IMPLICIT_RETAIN_SELF = YES;
				CLANG_WARN_OBJC_LITERAL_CONVERSION = YES;
				CLANG_WARN_OBJC_ROOT_CLASS = YES_ERROR;
				CLANG_WARN_QUOTED_INCLUDE_IN_FRAMEWORK_HEADER = YES;
				CLANG_WARN_RANGE_LOOP_ANALYSIS = YES;
				CLANG_WARN_STRICT_PROTOTYPES = YES;
				CLANG_WARN_SUSPICIOUS_MOVE = YES;
				CLANG_WARN_UNGUARDED_AVAILABILITY = YES_AGGRESSIVE;
				CLANG_WARN_UNREACHABLE_CODE = YES;
				CLANG_WARN__DUPLICATE_METHOD_MATCH = YES;
				COPY_PHASE_STRIP = NO;
				DEBUG_INFORMATION_FORMAT = "dwarf-with-dsym";
				ENABLE_NS_ASSERTIONS = NO;
				ENABLE_STRICT_OBJC_MSGSEND = YES;
				ENABLE_USER_SCRIPT_SANDBOXING = YES;
				GCC_C_LANGUAGE_STANDARD = gnu17;
				GCC_NO_COMMON_BLOCKS = YES;
				GCC_WARN_64_TO_32_BIT_CONVERSION = YES;
				GCC_WARN_ABOUT_RETURN_TYPE = YES_ERROR;
				GCC_WARN_UNDECLARED_SELECTOR = YES;
				GCC_WARN_UNINITIALIZED_AUTOS = YES_AGGRESSIVE;
				GCC_WARN_UNUSED_FUNCTION = YES;
				GCC_WARN_UNUSED_VARIABLE = YES;
				IPHONEOS_DEPLOYMENT_TARGET = 17.2;
				LOCALIZATION_PREFERS_STRING_CATALOGS = YES;
				MTL_ENABLE_DEBUG_INFO = NO;
				MTL_FAST_MATH = YES;
				SDKROOT = iphoneos;
				SWIFT_COMPILATION_MODE = wholemodule;
				VALIDATE_PRODUCT = YES;
			};
			name = Release;
		};
		2A91D65A2DC5869E00B9EC36 /* Debug */ = {
			isa = XCBuildConfiguration;
			buildSettings = {
				ALWAYS_EMBED_SWIFT_STANDARD_LIBRARIES = YES;
				ASSETCATALOG_COMPILER_APPICON_NAME = AppIcon;
				ASSETCATALOG_COMPILER_GLOBAL_ACCENT_COLOR_NAME = AccentColor;
				CODE_SIGN_STYLE = Automatic;
				CURRENT_PROJECT_VERSION = 1;
				DEVELOPMENT_ASSET_PATHS = "\"RunAICoach/Preview Content\"";
				DEVELOPMENT_TEAM = 6TP9GTCUN9;
				ENABLE_PREVIEWS = YES;
				GENERATE_INFOPLIST_FILE = YES;
				INFOPLIST_FILE = RunAICoach/Info.plist;
				INFOPLIST_KEY_UIApplicationSceneManifest_Generation = YES;
				INFOPLIST_KEY_UIApplicationSupportsIndirectInputEvents = YES;
				INFOPLIST_KEY_UILaunchScreen_Generation = YES;
				INFOPLIST_KEY_UISupportedInterfaceOrientations_iPad = "UIInterfaceOrientationPortrait UIInterfaceOrientationPortraitUpsideDown UIInterfaceOrientationLandscapeLeft UIInterfaceOrientationLandscapeRight";
				INFOPLIST_KEY_UISupportedInterfaceOrientations_iPhone = "UIInterfaceOrientationPortrait UIInterfaceOrientationLandscapeLeft UIInterfaceOrientationLandscapeRight";
				LD_RUNPATH_SEARCH_PATHS = (
					"$(inherited)",
					"@executable_path/Frameworks",
				);
				MARKETING_VERSION = 1.0;
				PRODUCT_BUNDLE_IDENTIFIER = nestoroprysk.RunAICoach;
				PRODUCT_NAME = "$(TARGET_NAME)";
				SWIFT_EMIT_LOC_STRINGS = YES;
				SWIFT_VERSION = 5.0;
				TARGETED_DEVICE_FAMILY = "1,2";
			};
			name = Debug;
		};
		2A91D65B2DC5869E00B9EC36 /* Release */ = {
			isa = XCBuildConfiguration;
			buildSettings = {
				ALWAYS_EMBED_SWIFT_STANDARD_LIBRARIES = YES;
				ASSETCATALOG_COMPILER_APPICON_NAME = AppIcon;
				ASSETCATALOG_COMPILER_GLOBAL_ACCENT_COLOR_NAME = AccentColor;
				CODE_SIGN_STYLE = Automatic;
				CURRENT_PROJECT_VERSION = 1;
				DEVELOPMENT_ASSET_PATHS = "\"RunAICoach/Preview Content\"";
				DEVELOPMENT_TEAM = 6TP9GTCUN9;
				ENABLE_PREVIEWS = YES;
				GENERATE_INFOPLIST_FILE = YES;
				INFOPLIST_FILE = RunAICoach/Info.plist;
				INFOPLIST_KEY_UIApplicationSceneManifest_Generation = YES;
				INFOPLIST_KEY_UIApplicationSupportsIndirectInputEvents = YES;
				INFOPLIST_KEY_UILaunchScreen_Generation = YES;
				INFOPLIST_KEY_UISupportedInterfaceOrientations_iPad = "UIInterfaceOrientationPortrait UIInterfaceOrientationPortraitUpsideDown UIInterfaceOrientationLandscapeLeft UIInterfaceOrientationLandscapeRight";
				INFOPLIST_KEY_UISupportedInterfaceOrientations_iPhone = "UIInterfaceOrientationPortrait UIInterfaceOrientationLandscapeLeft UIInterfaceOrientationLandscapeRight";
				LD_RUNPATH_SEARCH_PATHS = (
					"$(inherited)",
					"@executable_path/Frameworks",
				);
				MARKETING_VERSION = 1.0;
				PRODUCT_BUNDLE_IDENTIFIER = nestoroprysk.RunAICoach;
				PRODUCT_NAME = "$(TARGET_NAME)";
				SWIFT_EMIT_LOC_STRINGS = YES;
				SWIFT_VERSION = 5.0;
				TARGETED_DEVICE_FAMILY = "1,2";
			};
			name = Release;
		};
		2A91D65D2DC5869E00B9EC36 /* Debug */ = {
			isa = XCBuildConfiguration;
			buildSettings = {
				ALWAYS_EMBED_SWIFT_STANDARD_LIBRARIES = YES;
				BUNDLE_LOADER = "$(TEST_HOST)";
				CODE_SIGN_STYLE = Automatic;
				CURRENT_PROJECT_VERSION = 1;
				DEVELOPMENT_TEAM = 6TP9GTCUN9;
				GENERATE_INFOPLIST_FILE = YES;
				IPHONEOS_DEPLOYMENT_TARGET = 17.2;
				MARKETING_VERSION = 1.0;
				PRODUCT_BUNDLE_IDENTIFIER = nestoroprysk.RunAICoachTests;
				PRODUCT_NAME = "$(TARGET_NAME)";
				SWIFT_EMIT_LOC_STRINGS = NO;
				SWIFT_VERSION = 5.0;
				TARGETED_DEVICE_FAMILY = "1,2";
				TEST_HOST = "$(BUILT_PRODUCTS_DIR)/RunAICoach.app/$(BUNDLE_EXECUTABLE_FOLDER_PATH)/RunAICoach";
			};
			name = Debug;
		};
		2A91D65E2DC5869E00B9EC36 /* Release */ = {
			isa = XCBuildConfiguration;
			buildSettings = {
				ALWAYS_EMBED_SWIFT_STANDARD_LIBRARIES = YES;
				BUNDLE_LOADER = "$(TEST_HOST)";
				CODE_SIGN_STYLE = Automatic;
				CURRENT_PROJECT_VERSION = 1;
				DEVELOPMENT_TEAM = 6TP9GTCUN9;
				GENERATE_INFOPLIST_FILE = YES;
				IPHONEOS_DEPLOYMENT_TARGET = 17.2;
				MARKETING_VERSION = 1.0;
				PRODUCT_BUNDLE_IDENTIFIER = nestoroprysk.RunAICoachTests;
				PRODUCT_NAME = "$(TARGET_NAME)";
				SWIFT_EMIT_LOC_STRINGS = NO;
				SWIFT_VERSION = 5.0;
				TARGETED_DEVICE_FAMILY = "1,2";
				TEST_HOST = "$(BUILT_PRODUCTS_DIR)/RunAICoach.app/$(BUNDLE_EXECUTABLE_FOLDER_PATH)/RunAICoach";
			};
			name = Release;
		};
		2A91D6602DC5869E00B9EC36 /* Debug */ = {
			isa = XCBuildConfiguration;
			buildSettings = {
				ALWAYS_EMBED_SWIFT_STANDARD_LIBRARIES = YES;
				CODE_SIGN_STYLE = Automatic;
				CURRENT_PROJECT_VERSION = 1;
				DEVELOPMENT_TEAM = 6TP9GTCUN9;
				GENERATE_INFOPLIST_FILE = YES;
				MARKETING_VERSION = 1.0;
				PRODUCT_BUNDLE_IDENTIFIER = nestoroprysk.RunAICoachUITests;
				PRODUCT_NAME = "$(TARGET_NAME)";
				SWIFT_EMIT_LOC_STRINGS = NO;
				SWIFT_VERSION = 5.0;
				TARGETED_DEVICE_FAMILY = "1,2";
				TEST_TARGET_NAME = RunAICoach;
			};
			name = Debug;
		};
		2A91D6612DC5869E00B9EC36 /* Release */ = {
			isa = XCBuildConfiguration;
			buildSettings = {
				ALWAYS_EMBED_SWIFT_STANDARD_LIBRARIES = YES;
				CODE_SIGN_STYLE = Automatic;
				CURRENT_PROJECT_VERSION = 1;
				DEVELOPMENT_TEAM = 6TP9GTCUN9;
				GENERATE_INFOPLIST_FILE = YES;
				MARKETING_VERSION = 1.0;
				PRODUCT_BUNDLE_IDENTIFIER = nestoroprysk.RunAICoachUITests;
				PRODUCT_NAME = "$(TARGET_NAME)";
				SWIFT_EMIT_LOC_STRINGS = NO;
				SWIFT_VERSION = 5.0;
				TARGETED_DEVICE_FAMILY = "1,2";
				TEST_TARGET_NAME = RunAICoach;
			};
			name = Release;
		};
		2A91D68B2DC5884B00B9EC36 /* Debug */ = {
			isa = XCBuildConfiguration;
			buildSettings = {
				ASSETCATALOG_COMPILER_APPICON_NAME = AppIcon;
				ASSETCATALOG_COMPILER_GLOBAL_ACCENT_COLOR_NAME = AccentColor;
				CODE_SIGN_ENTITLEMENTS = "RunAICoachWatch Watch App/RunAICoachWatch Watch App.entitlements";
				CODE_SIGN_STYLE = Automatic;
				CURRENT_PROJECT_VERSION = 1;
				DEVELOPMENT_ASSET_PATHS = "\"RunAICoachWatch Watch App/Preview Content\"";
				DEVELOPMENT_TEAM = 6TP9GTCUN9;
				ENABLE_PREVIEWS = YES;
				GENERATE_INFOPLIST_FILE = YES;
				INFOPLIST_FILE = "RunAICoachWatch-Watch-App-Info.plist";
				INFOPLIST_KEY_CFBundleDisplayName = RunAICoachWatch;
				INFOPLIST_KEY_NSHealthShareUsageDescription = "Allow saving your workout data to Health";
				INFOPLIST_KEY_NSHealthUpdateUsageDescription = "Allow updating live workout metrics";
				INFOPLIST_KEY_UISupportedInterfaceOrientations = "UIInterfaceOrientationPortrait UIInterfaceOrientationPortraitUpsideDown";
				INFOPLIST_KEY_WKCompanionAppBundleIdentifier = nestoroprysk.RunAICoach;
				LD_RUNPATH_SEARCH_PATHS = (
					"$(inherited)",
					"@executable_path/Frameworks",
				);
				MARKETING_VERSION = 1.0;
				PRODUCT_BUNDLE_IDENTIFIER = nestoroprysk.RunAICoach.watchkitapp;
				PRODUCT_NAME = "$(TARGET_NAME)";
				SDKROOT = watchos;
				SKIP_INSTALL = YES;
				SWIFT_EMIT_LOC_STRINGS = YES;
				SWIFT_VERSION = 5.0;
				TARGETED_DEVICE_FAMILY = 4;
				WATCHOS_DEPLOYMENT_TARGET = 10.2;
			};
			name = Debug;
		};
		2A91D68C2DC5884B00B9EC36 /* Release */ = {
			isa = XCBuildConfiguration;
			buildSettings = {
				ASSETCATALOG_COMPILER_APPICON_NAME = AppIcon;
				ASSETCATALOG_COMPILER_GLOBAL_ACCENT_COLOR_NAME = AccentColor;
				CODE_SIGN_ENTITLEMENTS = "RunAICoachWatch Watch App/RunAICoachWatch Watch App.entitlements";
				CODE_SIGN_STYLE = Automatic;
				CURRENT_PROJECT_VERSION = 1;
				DEVELOPMENT_ASSET_PATHS = "\"RunAICoachWatch Watch App/Preview Content\"";
				DEVELOPMENT_TEAM = 6TP9GTCUN9;
				ENABLE_PREVIEWS = YES;
				GENERATE_INFOPLIST_FILE = YES;
				INFOPLIST_FILE = "RunAICoachWatch-Watch-App-Info.plist";
				INFOPLIST_KEY_CFBundleDisplayName = RunAICoachWatch;
				INFOPLIST_KEY_NSHealthShareUsageDescription = "Allow saving your workout data to Health";
				INFOPLIST_KEY_NSHealthUpdateUsageDescription = "Allow updating live workout metrics";
				INFOPLIST_KEY_UISupportedInterfaceOrientations = "UIInterfaceOrientationPortrait UIInterfaceOrientationPortraitUpsideDown";
				INFOPLIST_KEY_WKCompanionAppBundleIdentifier = nestoroprysk.RunAICoach;
				LD_RUNPATH_SEARCH_PATHS = (
					"$(inherited)",
					"@executable_path/Frameworks",
				);
				MARKETING_VERSION = 1.0;
				PRODUCT_BUNDLE_IDENTIFIER = nestoroprysk.RunAICoach.watchkitapp;
				PRODUCT_NAME = "$(TARGET_NAME)";
				SDKROOT = watchos;
				SKIP_INSTALL = YES;
				SWIFT_EMIT_LOC_STRINGS = YES;
				SWIFT_VERSION = 5.0;
				TARGETED_DEVICE_FAMILY = 4;
				WATCHOS_DEPLOYMENT_TARGET = 10.2;
			};
			name = Release;
		};
		2A91D68F2DC5884B00B9EC36 /* Debug */ = {
			isa = XCBuildConfiguration;
			buildSettings = {
				ALWAYS_EMBED_SWIFT_STANDARD_LIBRARIES = YES;
				BUNDLE_LOADER = "$(TEST_HOST)";
				CODE_SIGN_STYLE = Automatic;
				CURRENT_PROJECT_VERSION = 1;
				DEVELOPMENT_TEAM = 6TP9GTCUN9;
				GENERATE_INFOPLIST_FILE = YES;
				MARKETING_VERSION = 1.0;
				PRODUCT_BUNDLE_IDENTIFIER = "nestoroprysk.RunAICoachWatch-Watch-AppTests";
				PRODUCT_NAME = "$(TARGET_NAME)";
				SDKROOT = watchos;
				SWIFT_EMIT_LOC_STRINGS = NO;
				SWIFT_VERSION = 5.0;
				TARGETED_DEVICE_FAMILY = 4;
				TEST_HOST = "$(BUILT_PRODUCTS_DIR)/RunAICoachWatch Watch App.app/$(BUNDLE_EXECUTABLE_FOLDER_PATH)/RunAICoachWatch Watch App";
				WATCHOS_DEPLOYMENT_TARGET = 10.2;
			};
			name = Debug;
		};
		2A91D6902DC5884B00B9EC36 /* Release */ = {
			isa = XCBuildConfiguration;
			buildSettings = {
				ALWAYS_EMBED_SWIFT_STANDARD_LIBRARIES = YES;
				BUNDLE_LOADER = "$(TEST_HOST)";
				CODE_SIGN_STYLE = Automatic;
				CURRENT_PROJECT_VERSION = 1;
				DEVELOPMENT_TEAM = 6TP9GTCUN9;
				GENERATE_INFOPLIST_FILE = YES;
				MARKETING_VERSION = 1.0;
				PRODUCT_BUNDLE_IDENTIFIER = "nestoroprysk.RunAICoachWatch-Watch-AppTests";
				PRODUCT_NAME = "$(TARGET_NAME)";
				SDKROOT = watchos;
				SWIFT_EMIT_LOC_STRINGS = NO;
				SWIFT_VERSION = 5.0;
				TARGETED_DEVICE_FAMILY = 4;
				TEST_HOST = "$(BUILT_PRODUCTS_DIR)/RunAICoachWatch Watch App.app/$(BUNDLE_EXECUTABLE_FOLDER_PATH)/RunAICoachWatch Watch App";
				WATCHOS_DEPLOYMENT_TARGET = 10.2;
			};
			name = Release;
		};
		2A91D6922DC5884B00B9EC36 /* Debug */ = {
			isa = XCBuildConfiguration;
			buildSettings = {
				ALWAYS_EMBED_SWIFT_STANDARD_LIBRARIES = YES;
				CODE_SIGN_STYLE = Automatic;
				CURRENT_PROJECT_VERSION = 1;
				DEVELOPMENT_TEAM = 6TP9GTCUN9;
				GENERATE_INFOPLIST_FILE = YES;
				MARKETING_VERSION = 1.0;
				PRODUCT_BUNDLE_IDENTIFIER = "nestoroprysk.RunAICoachWatch-Watch-AppUITests";
				PRODUCT_NAME = "$(TARGET_NAME)";
				SDKROOT = watchos;
				SWIFT_EMIT_LOC_STRINGS = NO;
				SWIFT_VERSION = 5.0;
				TARGETED_DEVICE_FAMILY = 4;
				TEST_TARGET_NAME = "RunAICoachWatch Watch App";
				WATCHOS_DEPLOYMENT_TARGET = 10.2;
			};
			name = Debug;
		};
		2A91D6932DC5884B00B9EC36 /* Release */ = {
			isa = XCBuildConfiguration;
			buildSettings = {
				ALWAYS_EMBED_SWIFT_STANDARD_LIBRARIES = YES;
				CODE_SIGN_STYLE = Automatic;
				CURRENT_PROJECT_VERSION = 1;
				DEVELOPMENT_TEAM = 6TP9GTCUN9;
				GENERATE_INFOPLIST_FILE = YES;
				MARKETING_VERSION = 1.0;
				PRODUCT_BUNDLE_IDENTIFIER = "nestoroprysk.RunAICoachWatch-Watch-AppUITests";
				PRODUCT_NAME = "$(TARGET_NAME)";
				SDKROOT = watchos;
				SWIFT_EMIT_LOC_STRINGS = NO;
				SWIFT_VERSION = 5.0;
				TARGETED_DEVICE_FAMILY = 4;
				TEST_TARGET_NAME = "RunAICoachWatch Watch App";
				WATCHOS_DEPLOYMENT_TARGET = 10.2;
			};
			name = Release;
		};
/* End XCBuildConfiguration section */

/* Begin XCConfigurationList section */
		2A91D6302DC5869400B9EC36 /* Build configuration list for PBXProject "RunAICoach" */ = {
			isa = XCConfigurationList;
			buildConfigurations = (
				2A91D6572DC5869E00B9EC36 /* Debug */,
				2A91D6582DC5869E00B9EC36 /* Release */,
			);
			defaultConfigurationIsVisible = 0;
			defaultConfigurationName = Release;
		};
		2A91D6592DC5869E00B9EC36 /* Build configuration list for PBXNativeTarget "RunAICoach" */ = {
			isa = XCConfigurationList;
			buildConfigurations = (
				2A91D65A2DC5869E00B9EC36 /* Debug */,
				2A91D65B2DC5869E00B9EC36 /* Release */,
			);
			defaultConfigurationIsVisible = 0;
			defaultConfigurationName = Release;
		};
		2A91D65C2DC5869E00B9EC36 /* Build configuration list for PBXNativeTarget "RunAICoachTests" */ = {
			isa = XCConfigurationList;
			buildConfigurations = (
				2A91D65D2DC5869E00B9EC36 /* Debug */,
				2A91D65E2DC5869E00B9EC36 /* Release */,
			);
			defaultConfigurationIsVisible = 0;
			defaultConfigurationName = Release;
		};
		2A91D65F2DC5869E00B9EC36 /* Build configuration list for PBXNativeTarget "RunAICoachUITests" */ = {
			isa = XCConfigurationList;
			buildConfigurations = (
				2A91D6602DC5869E00B9EC36 /* Debug */,
				2A91D6612DC5869E00B9EC36 /* Release */,
			);
			defaultConfigurationIsVisible = 0;
			defaultConfigurationName = Release;
		};
		2A91D68A2DC5884B00B9EC36 /* Build configuration list for PBXNativeTarget "RunAICoachWatch Watch App" */ = {
			isa = XCConfigurationList;
			buildConfigurations = (
				2A91D68B2DC5884B00B9EC36 /* Debug */,
				2A91D68C2DC5884B00B9EC36 /* Release */,
			);
			defaultConfigurationIsVisible = 0;
			defaultConfigurationName = Release;
		};
		2A91D68E2DC5884B00B9EC36 /* Build configuration list for PBXNativeTarget "RunAICoachWatch Watch AppTests" */ = {
			isa = XCConfigurationList;
			buildConfigurations = (
				2A91D68F2DC5884B00B9EC36 /* Debug */,
				2A91D6902DC5884B00B9EC36 /* Release */,
			);
			defaultConfigurationIsVisible = 0;
			defaultConfigurationName = Release;
		};
		2A91D6912DC5884B00B9EC36 /* Build configuration list for PBXNativeTarget "RunAICoachWatch Watch AppUITests" */ = {
			isa = XCConfigurationList;
			buildConfigurations = (
				2A91D6922DC5884B00B9EC36 /* Debug */,
				2A91D6932DC5884B00B9EC36 /* Release */,
			);
			defaultConfigurationIsVisible = 0;
			defaultConfigurationName = Release;
		};
/* End XCConfigurationList section */
	};
	rootObject = 2A91D62D2DC5869400B9EC36 /* Project object */;
}
